{
    "_meta": {
        "hash": {
            "sha256": "82f33668007d22d72e83ae6ca755b41c98fa7f63ab64dfc62faa46d454d62110"
        },
        "pipfile-spec": 6,
        "requires": {
            "python_version": "3.11"
        },
        "sources": [
            {
                "name": "pypi",
                "url": "https://pypi.python.org/simple",
                "verify_ssl": true
            }
        ]
    },
    "default": {
        "buildozer": {
            "hashes": [
                "sha256:987cc4363c4834893bbf1c32547b8afd953a16b92d788a654ca5f89ba197d9ea",
                "sha256:ec685a53f88789607a43e629f9e25992c9be8824518b00d77ce3092ff7deca75"
            ],
            "index": "pypi",
            "version": "==1.5.0"
        },
        "cachetools": {
            "hashes": [
                "sha256:95ef631eeaea14ba2e36f06437f36463aac3a096799e876ee55e5cdccb102590",
                "sha256:dce83f2d9b4e1f732a8cd44af8e8fab2dbe46201467fc98b3ef8f269092bf62b"
            ],
            "markers": "python_version >= '3.7'",
            "version": "==5.3.1"
        },
        "certifi": {
            "hashes": [
                "sha256:0f0d56dc5a6ad56fd4ba36484d6cc34451e1c6548c61daad8c320169f91eddc7",
                "sha256:c6c2e98f5c7869efca1f8916fed228dd91539f9f1b444c314c06eef02980c716"
            ],
            "markers": "python_version >= '3.6'",
            "version": "==2023.5.7"
        },
        "charset-normalizer": {
            "hashes": [
                "sha256:04afa6387e2b282cf78ff3dbce20f0cc071c12dc8f685bd40960cc68644cfea6",
                "sha256:04eefcee095f58eaabe6dc3cc2262f3bcd776d2c67005880894f447b3f2cb9c1",
                "sha256:0be65ccf618c1e7ac9b849c315cc2e8a8751d9cfdaa43027d4f6624bd587ab7e",
                "sha256:0c95f12b74681e9ae127728f7e5409cbbef9cd914d5896ef238cc779b8152373",
                "sha256:0ca564606d2caafb0abe6d1b5311c2649e8071eb241b2d64e75a0d0065107e62",
                "sha256:10c93628d7497c81686e8e5e557aafa78f230cd9e77dd0c40032ef90c18f2230",
                "sha256:11d117e6c63e8f495412d37e7dc2e2fff09c34b2d09dbe2bee3c6229577818be",
                "sha256:11d3bcb7be35e7b1bba2c23beedac81ee893ac9871d0ba79effc7fc01167db6c",
                "sha256:12a2b561af122e3d94cdb97fe6fb2bb2b82cef0cdca131646fdb940a1eda04f0",
                "sha256:12d1a39aa6b8c6f6248bb54550efcc1c38ce0d8096a146638fd4738e42284448",
                "sha256:1435ae15108b1cb6fffbcea2af3d468683b7afed0169ad718451f8db5d1aff6f",
                "sha256:1c60b9c202d00052183c9be85e5eaf18a4ada0a47d188a83c8f5c5b23252f649",
                "sha256:1e8fcdd8f672a1c4fc8d0bd3a2b576b152d2a349782d1eb0f6b8e52e9954731d",
                "sha256:20064ead0717cf9a73a6d1e779b23d149b53daf971169289ed2ed43a71e8d3b0",
                "sha256:21fa558996782fc226b529fdd2ed7866c2c6ec91cee82735c98a197fae39f706",
                "sha256:22908891a380d50738e1f978667536f6c6b526a2064156203d418f4856d6e86a",
                "sha256:3160a0fd9754aab7d47f95a6b63ab355388d890163eb03b2d2b87ab0a30cfa59",
                "sha256:322102cdf1ab682ecc7d9b1c5eed4ec59657a65e1c146a0da342b78f4112db23",
                "sha256:34e0a2f9c370eb95597aae63bf85eb5e96826d81e3dcf88b8886012906f509b5",
                "sha256:3573d376454d956553c356df45bb824262c397c6e26ce43e8203c4c540ee0acb",
                "sha256:3747443b6a904001473370d7810aa19c3a180ccd52a7157aacc264a5ac79265e",
                "sha256:38e812a197bf8e71a59fe55b757a84c1f946d0ac114acafaafaf21667a7e169e",
                "sha256:3a06f32c9634a8705f4ca9946d667609f52cf130d5548881401f1eb2c39b1e2c",
                "sha256:3a5fc78f9e3f501a1614a98f7c54d3969f3ad9bba8ba3d9b438c3bc5d047dd28",
                "sha256:3d9098b479e78c85080c98e1e35ff40b4a31d8953102bb0fd7d1b6f8a2111a3d",
                "sha256:3dc5b6a8ecfdc5748a7e429782598e4f17ef378e3e272eeb1340ea57c9109f41",
                "sha256:4155b51ae05ed47199dc5b2a4e62abccb274cee6b01da5b895099b61b1982974",
                "sha256:49919f8400b5e49e961f320c735388ee686a62327e773fa5b3ce6721f7e785ce",
                "sha256:53d0a3fa5f8af98a1e261de6a3943ca631c526635eb5817a87a59d9a57ebf48f",
                "sha256:5f008525e02908b20e04707a4f704cd286d94718f48bb33edddc7d7b584dddc1",
                "sha256:628c985afb2c7d27a4800bfb609e03985aaecb42f955049957814e0491d4006d",
                "sha256:65ed923f84a6844de5fd29726b888e58c62820e0769b76565480e1fdc3d062f8",
                "sha256:6734e606355834f13445b6adc38b53c0fd45f1a56a9ba06c2058f86893ae8017",
                "sha256:6baf0baf0d5d265fa7944feb9f7451cc316bfe30e8df1a61b1bb08577c554f31",
                "sha256:6f4f4668e1831850ebcc2fd0b1cd11721947b6dc7c00bf1c6bd3c929ae14f2c7",
                "sha256:6f5c2e7bc8a4bf7c426599765b1bd33217ec84023033672c1e9a8b35eaeaaaf8",
                "sha256:6f6c7a8a57e9405cad7485f4c9d3172ae486cfef1344b5ddd8e5239582d7355e",
                "sha256:7381c66e0561c5757ffe616af869b916c8b4e42b367ab29fedc98481d1e74e14",
                "sha256:73dc03a6a7e30b7edc5b01b601e53e7fc924b04e1835e8e407c12c037e81adbd",
                "sha256:74db0052d985cf37fa111828d0dd230776ac99c740e1a758ad99094be4f1803d",
                "sha256:75f2568b4189dda1c567339b48cba4ac7384accb9c2a7ed655cd86b04055c795",
                "sha256:78cacd03e79d009d95635e7d6ff12c21eb89b894c354bd2b2ed0b4763373693b",
                "sha256:80d1543d58bd3d6c271b66abf454d437a438dff01c3e62fdbcd68f2a11310d4b",
                "sha256:830d2948a5ec37c386d3170c483063798d7879037492540f10a475e3fd6f244b",
                "sha256:891cf9b48776b5c61c700b55a598621fdb7b1e301a550365571e9624f270c203",
                "sha256:8f25e17ab3039b05f762b0a55ae0b3632b2e073d9c8fc88e89aca31a6198e88f",
                "sha256:9a3267620866c9d17b959a84dd0bd2d45719b817245e49371ead79ed4f710d19",
                "sha256:a04f86f41a8916fe45ac5024ec477f41f886b3c435da2d4e3d2709b22ab02af1",
                "sha256:aaf53a6cebad0eae578f062c7d462155eada9c172bd8c4d250b8c1d8eb7f916a",
                "sha256:abc1185d79f47c0a7aaf7e2412a0eb2c03b724581139193d2d82b3ad8cbb00ac",
                "sha256:ac0aa6cd53ab9a31d397f8303f92c42f534693528fafbdb997c82bae6e477ad9",
                "sha256:ac3775e3311661d4adace3697a52ac0bab17edd166087d493b52d4f4f553f9f0",
                "sha256:b06f0d3bf045158d2fb8837c5785fe9ff9b8c93358be64461a1089f5da983137",
                "sha256:b116502087ce8a6b7a5f1814568ccbd0e9f6cfd99948aa59b0e241dc57cf739f",
                "sha256:b82fab78e0b1329e183a65260581de4375f619167478dddab510c6c6fb04d9b6",
                "sha256:bd7163182133c0c7701b25e604cf1611c0d87712e56e88e7ee5d72deab3e76b5",
                "sha256:c36bcbc0d5174a80d6cccf43a0ecaca44e81d25be4b7f90f0ed7bcfbb5a00909",
                "sha256:c3af8e0f07399d3176b179f2e2634c3ce9c1301379a6b8c9c9aeecd481da494f",
                "sha256:c84132a54c750fda57729d1e2599bb598f5fa0344085dbde5003ba429a4798c0",
                "sha256:cb7b2ab0188829593b9de646545175547a70d9a6e2b63bf2cd87a0a391599324",
                "sha256:cca4def576f47a09a943666b8f829606bcb17e2bc2d5911a46c8f8da45f56755",
                "sha256:cf6511efa4801b9b38dc5546d7547d5b5c6ef4b081c60b23e4d941d0eba9cbeb",
                "sha256:d16fd5252f883eb074ca55cb622bc0bee49b979ae4e8639fff6ca3ff44f9f854",
                "sha256:d2686f91611f9e17f4548dbf050e75b079bbc2a82be565832bc8ea9047b61c8c",
                "sha256:d7fc3fca01da18fbabe4625d64bb612b533533ed10045a2ac3dd194bfa656b60",
                "sha256:dd5653e67b149503c68c4018bf07e42eeed6b4e956b24c00ccdf93ac79cdff84",
                "sha256:de5695a6f1d8340b12a5d6d4484290ee74d61e467c39ff03b39e30df62cf83a0",
                "sha256:e0ac8959c929593fee38da1c2b64ee9778733cdf03c482c9ff1d508b6b593b2b",
                "sha256:e1b25e3ad6c909f398df8921780d6a3d120d8c09466720226fc621605b6f92b1",
                "sha256:e633940f28c1e913615fd624fcdd72fdba807bf53ea6925d6a588e84e1151531",
                "sha256:e89df2958e5159b811af9ff0f92614dabf4ff617c03a4c1c6ff53bf1c399e0e1",
                "sha256:ea9f9c6034ea2d93d9147818f17c2a0860d41b71c38b9ce4d55f21b6f9165a11",
                "sha256:f645caaf0008bacf349875a974220f1f1da349c5dbe7c4ec93048cdc785a3326",
                "sha256:f8303414c7b03f794347ad062c0516cee0e15f7a612abd0ce1e25caf6ceb47df",
                "sha256:fca62a8301b605b954ad2e9c3666f9d97f63872aa4efcae5492baca2056b74ab"
            ],
            "markers": "python_full_version >= '3.7.0'",
            "version": "==3.1.0"
        },
        "cython": {
            "hashes": [
                "sha256:00348a2675b53282535aa22c4d444076b08010aa47f4bf10622542c213c37452",
                "sha256:0fa549d45e8aa658e270a7e85a0e7b8bf7b3dfdc59fcd4f4dbf54d854f4abdb5",
                "sha256:111941da36709f53170af6b0f81ec3df883364ff02d20f742e815b27ea37dfa0",
                "sha256:22b7c38d3f1af1bc7906b1a7b42354b4cf47d36bbdf687a581a050e72ddd249b",
                "sha256:29960b4c2789a9d6024be5fff75a55e52ae7f32d265fe52c0e40414f20d4d6db",
                "sha256:32ae95d3c3fe4dbb5d3f430accdc93247e2204791f4f70a5f2a8fac2d3105524",
                "sha256:381f8570ab287670c14f8138591788c1a801b185899939d08f4c60c284b4940d",
                "sha256:44d9acf4dd75d66b456c21d2ee0bcea3b49065775aa955a11be62a64fc5210ec",
                "sha256:4b971daa8c05c3277c4c7be4be5e7cd2e4971377ca752563c55a1c1f88d819c8",
                "sha256:58598e9a35cb89916c2fd80c0b2f4b7443542281f804206e90eae7f9acb79b81",
                "sha256:61bff7ae850986ebdf8b7fb01c63be94e75ba73f2dcbc9338ca687ff810488b8",
                "sha256:69ae45714b1fd5ebb309d787c278b5316cb504b287dae95456ccf50d8c55f537",
                "sha256:7a1ebe4f811ce0c1642d432ef8ae9bea1db93c7215eb1e95eb4bcb7503a42107",
                "sha256:8418a201c229f8af7eae11b3d22df699a37cfe934a113e032d59369a13a7ef13",
                "sha256:97f98a7dc0d58ea833dc1f8f8b3ce07adf4c0f030d1886c5399a2135ed415258",
                "sha256:9fde858f57952c9e55fae20cffeaf0bd5554a0630f0bd537879e57e60d8f105f",
                "sha256:ad5abd7ee54f48be7efa95f4ad0d7df44a84970d57330b151a049642ffc1705b",
                "sha256:b31f3dc2931b84c99d0038013304986cd690f5debb8471dbba1ca8584601b230",
                "sha256:c50fa9238c37b43d17234c8083371f4d4da208153d13f86d9db8925c16bb2850",
                "sha256:cd262da047a60f0d90fa83d6416e901519a5de6d4d68218d62dcb15f12fdcb1b",
                "sha256:e7838dadab758a7caa4f726e523930d491dbc4f93c4a01d9de6828f342ea1188",
                "sha256:edf5b76f6fff07f236510bb578b6ba6387e534af9ecdbe7892c591dbe1ea3314",
                "sha256:ee9a913482dfc5a62242ea66abff93f3dbe28729bce590014c8445e39af3d95c",
                "sha256:f4bb0e06a463cc280562cc54e53fefb2bf14b0b8d00c042781c71f17e78b1847",
                "sha256:ffd24c9bd35127138215f56ad833db1966cdc47ac659a31bde96949018e477c2"
            ],
            "index": "pypi",
            "version": "==0.29.19"
        },
        "distlib": {
            "hashes": [
                "sha256:14bad2d9b04d3a36127ac97f30b12a19268f211063d8f8ee4f47108896e11b46",
                "sha256:f35c4b692542ca110de7ef0bea44d73981caeb34ca0b9b6b2e6d7790dda8f80e"
            ],
            "version": "==0.3.6"
        },
        "docutils": {
            "hashes": [
                "sha256:96f387a2c5562db4476f09f13bbab2192e764cac08ebbf3a34a95d9b1e4a59d6",
                "sha256:f08a4e276c3a1583a86dce3e34aba3fe04d02bba2dd51ed16106244e8a923e3b"
            ],
            "markers": "python_version >= '3.7'",
            "version": "==0.20.1"
        },
        "ffpyplayer": {
            "hashes": [
                "sha256:15b92ebda56d88e2ba2bbf9ba3388f043b0cd25a3c45cffc105399b539fe63aa",
                "sha256:29580a81541bc7e5871a88113bacd76695f719b708f6830e0bea7292401bd259",
                "sha256:3061f60a9ce1837044fb3f446dc5deee76cf0d37efa31b3254bb994629c2b356",
                "sha256:339dcdfd1382a7b3180e23116fa208d7f45eec971677f4f298e9eee6be6eda95",
                "sha256:429a403b8ea365a29bfb89fa31c230d675094dfadb3423cc12a2cb2ef46c583b",
                "sha256:4d9fb5b44ccb9e1577c8f8ad6c242d6b48e04013c2ab8759a4f1227d7dd9d676",
                "sha256:5c18c087e32cfb50683d22495d13a96858b6834d39fd229900e13e7fa31d4e05",
                "sha256:60e234bdb51def03df4d12fc241398ab4ea6703eb351b44526ff0a3883bc8eb8",
                "sha256:64f11d053be9c569b4b4c6eaa3af571845dddceb1579fe6dd2509f4d38a2ed90",
                "sha256:6b2239ea6d69fbec7e7733834632e9c3c47dc76a9db77e1b2d4b4174c5279bb8",
                "sha256:7294be72af4b1c4a2262d1a851006a2233888958be4c04afb114a9ec8b478d34",
                "sha256:7e1a12cd4736bb1e88acec9c821c0b9911e37a3b328da4773f088713362b23b3",
                "sha256:807314cc92af39a110411cc745ff6ae04583b33fa0f388d99ac0f912202856a3",
                "sha256:86d45d13293dba99e34f45f0193643ae2883739b959d2b9b32ca4bee1ea64639",
                "sha256:9715a683d9c8311b42ea63ff9dabfb538ffa9e984dc0b69f99deb25603ab8e83",
                "sha256:bb480dd7c3799571a36fafabfa65f57ddf5c7aaff7f533aa6475d326d15cc421",
                "sha256:ce81d7a7ba28de5f986abdae093b5a2381a33d0e16976fbe27e3c508e38898df",
                "sha256:d5b88d64fcb572bbd4ae5ed7b8f58d76ded1224f93cb8d4bf10fec46cc2e8d76",
                "sha256:d7da5bf16a70a659c1a801fc1dff18387e327fce187a7d9259ff1f72f2cf4d87",
                "sha256:d958eec584fdfa26950c8387372678e46b34696a533ac4f41de9cf52497676e2",
                "sha256:e4beea77b6bd0442f17152db3f895cc382720550e829bcf7373136f8d7f66ecf",
                "sha256:ed16e435a3743148c9a309ff31ad9c96023f7c6cf170b50be3708f64f1da1d6e",
                "sha256:f51b533c60471ee9c1d7277bbc8714431cba66c972eb743e570aa24f67fa4a03",
                "sha256:fcce3ca0b0360503b9671a5b628c7a9718e647f2cd4dd2ed9d124aafb3a49a8c"
            ],
            "index": "pypi",
            "version": "==4.5.0"
        },
        "filelock": {
            "hashes": [
                "sha256:42f1e4ff2b497311213d61ad7aac5fed9050608e5309573f101eefa94143134a",
                "sha256:82b1f7da46f0ae42abf1bc78e548667f484ac59d2bcec38c713cee7e2eb51e83"
            ],
            "markers": "python_version >= '3.7'",
            "version": "==3.12.1"
        },
        "google-api-core": {
            "extras": [
                "grpc"
            ],
            "hashes": [
                "sha256:4b9bb5d5a380a0befa0573b302651b8a9a89262c1730e37bf423cec511804c22",
                "sha256:ce222e27b0de0d7bc63eb043b956996d6dccab14cc3b690aaea91c9cc99dc16e"
            ],
            "markers": "python_version >= '3.7'",
            "version": "==2.11.0"
        },
        "google-auth": {
            "hashes": [
                "sha256:a9cfa88b3e16196845e64a3658eb953992129d13ac7337b064c6546f77c17183",
                "sha256:ea165e014c7cbd496558796b627c271aa8c18b4cba79dc1cc962b24c5efdfb85"
            ],
            "markers": "python_version >= '3.6'",
            "version": "==2.19.1"
        },
        "google-cloud-texttospeech": {
            "hashes": [
                "sha256:883fe35e3c823ff77cc633b30ab9a93d3b5eb38ebce7eaeef6f87e8d03210e54",
                "sha256:dd716f2a768ad67502cfd99b9925c51ffd6e16be93b410abeeffdaac190bfe81"
            ],
            "index": "pypi",
            "version": "==2.14.1"
        },
        "googleapis-common-protos": {
            "hashes": [
                "sha256:4168fcb568a826a52f23510412da405abd93f4d23ba544bb68d943b14ba3cb44",
                "sha256:b287dc48449d1d41af0c69f4ea26242b5ae4c3d7249a38b0984c86a4caffff1f"
            ],
            "markers": "python_version >= '3.7'",
            "version": "==1.59.0"
        },
        "grpcio": {
            "hashes": [
                "sha256:0212e2f7fdf7592e4b9d365087da30cb4d71e16a6f213120c89b4f8fb35a3ab3",
                "sha256:09d4bfd84686cd36fd11fd45a0732c7628308d094b14d28ea74a81db0bce2ed3",
                "sha256:1e623e0cf99a0ac114f091b3083a1848dbc64b0b99e181473b5a4a68d4f6f821",
                "sha256:2288d76e4d4aa7ef3fe7a73c1c470b66ea68e7969930e746a8cd8eca6ef2a2ea",
                "sha256:2296356b5c9605b73ed6a52660b538787094dae13786ba53080595d52df13a98",
                "sha256:2a1e601ee31ef30a9e2c601d0867e236ac54c922d32ed9f727b70dd5d82600d5",
                "sha256:2be88c081e33f20630ac3343d8ad9f1125f32987968e9c8c75c051c9800896e8",
                "sha256:33d40954199bddbb6a78f8f6f2b2082660f381cd2583ec860a6c2fa7c8400c08",
                "sha256:40e1cbf69d6741b40f750f3cccc64326f927ac6145a9914d33879e586002350c",
                "sha256:46a057329938b08e5f0e12ea3d7aed3ecb20a0c34c4a324ef34e00cecdb88a12",
                "sha256:4864f99aac207e3e45c5e26c6cbb0ad82917869abc2f156283be86c05286485c",
                "sha256:4c44e1a765b31e175c391f22e8fc73b2a2ece0e5e6ff042743d8109b5d2eff9f",
                "sha256:4cb283f630624ebb16c834e5ac3d7880831b07cbe76cb08ab7a271eeaeb8943e",
                "sha256:5008964885e8d23313c8e5ea0d44433be9bfd7e24482574e8cc43c02c02fc796",
                "sha256:50a9f075eeda5097aa9a182bb3877fe1272875e45370368ac0ee16ab9e22d019",
                "sha256:51630c92591d6d3fe488a7c706bd30a61594d144bac7dee20c8e1ce78294f474",
                "sha256:5cc928cfe6c360c1df636cf7991ab96f059666ac7b40b75a769410cc6217df9c",
                "sha256:61f7203e2767800edee7a1e1040aaaf124a35ce0c7fe0883965c6b762defe598",
                "sha256:66233ccd2a9371158d96e05d082043d47dadb18cbb294dc5accfdafc2e6b02a7",
                "sha256:70fcac7b94f4c904152809a050164650ac81c08e62c27aa9f156ac518029ebbe",
                "sha256:714242ad0afa63a2e6dabd522ae22e1d76e07060b5af2ddda5474ba4f14c2c94",
                "sha256:782f4f8662a2157c4190d0f99eaaebc602899e84fb1e562a944e5025929e351c",
                "sha256:7fc2b4edb938c8faa4b3c3ea90ca0dd89b7565a049e8e4e11b77e60e4ed2cc05",
                "sha256:881d058c5ccbea7cc2c92085a11947b572498a27ef37d3eef4887f499054dca8",
                "sha256:89dde0ac72a858a44a2feb8e43dc68c0c66f7857a23f806e81e1b7cc7044c9cf",
                "sha256:8cdbcbd687e576d48f7886157c95052825ca9948c0ed2afdc0134305067be88b",
                "sha256:8d6192c37a30a115f4663592861f50e130caed33efc4eec24d92ec881c92d771",
                "sha256:96a41817d2c763b1d0b32675abeb9179aa2371c72aefdf74b2d2b99a1b92417b",
                "sha256:9bdbb7624d65dc0ed2ed8e954e79ab1724526f09b1efa88dcd9a1815bf28be5f",
                "sha256:9bf88004fe086c786dc56ef8dd6cb49c026833fdd6f42cb853008bce3f907148",
                "sha256:a08920fa1a97d4b8ee5db2f31195de4a9def1a91bc003544eb3c9e6b8977960a",
                "sha256:a2f5a1f1080ccdc7cbaf1171b2cf384d852496fe81ddedeb882d42b85727f610",
                "sha256:b04202453941a63b36876a7172b45366dc0cde10d5fd7855c0f4a4e673c0357a",
                "sha256:b38b3de8cff5bc70f8f9c615f51b48eff7313fc9aca354f09f81b73036e7ddfa",
                "sha256:b52d00d1793d290c81ad6a27058f5224a7d5f527867e5b580742e1bd211afeee",
                "sha256:b74ae837368cfffeb3f6b498688a123e6b960951be4dec0e869de77e7fa0439e",
                "sha256:be48496b0e00460717225e7680de57c38be1d8629dc09dadcd1b3389d70d942b",
                "sha256:c0e3155fc5335ec7b3b70f15230234e529ca3607b20a562b6c75fb1b1218874c",
                "sha256:c2392f5b5d84b71d853918687d806c1aa4308109e5ca158a16e16a6be71041eb",
                "sha256:c72956972e4b508dd39fdc7646637a791a9665b478e768ffa5f4fe42123d5de1",
                "sha256:dc80c9c6b608bf98066a038e0172013a49cfa9a08d53335aefefda2c64fc68f4",
                "sha256:e416c8baf925b5a1aff31f7f5aecc0060b25d50cce3a5a7255dc5cf2f1d4e5eb",
                "sha256:f8da84bbc61a4e92af54dc96344f328e5822d574f767e9b08e1602bb5ddc254a",
                "sha256:f900ed4ad7a0f1f05d35f955e0943944d5a75f607a836958c6b8ab2a81730ef2",
                "sha256:fd6c6c29717724acf9fc1847c4515d57e4dc12762452457b9cb37461f30a81bb"
            ],
            "version": "==1.54.2"
        },
        "grpcio-status": {
            "hashes": [
                "sha256:2a7cb4838225f1b53bd0448a3008c5b5837941e1f3a0b13fa38768f08a7b68c2",
                "sha256:3255cbec5b7c706caa3d4dd584606c080e6415e15631bb2f6215e2b70055836d"
            ],
            "version": "==1.54.2"
        },
        "idna": {
            "hashes": [
                "sha256:814f528e8dead7d329833b91c5faa87d60bf71824cd12a7530b5526063d02cb4",
                "sha256:90b77e79eaa3eba6de819a0c442c0b4ceefc341a7a2ab77d7562bf49f425c5c2"
            ],
            "markers": "python_version >= '3.5'",
            "version": "==3.4"
        },
        "kivy": {
            "hashes": [
                "sha256:1ecec8e6e246fc28f46cd7715f42054995c59162fb6bbfba7e54c9a453bbd527",
                "sha256:22654ce391692bc87211803efe06cd3035f0e77eb6bbc920d728ae5e50347d43",
                "sha256:27647c5206785c3180699bcd3365f9d1c75d777f55c0d4bcb635a50b52fdb489",
                "sha256:29a8a689e4aef2a6934b903dbb34c68ecb142e8de15b23ecc0cb640d8d880c5b",
                "sha256:38a626bfa8fecb99a6ec5d7fcd8447debe32ff84df9cfe9dbd39f618c55eab02",
                "sha256:3faa94af3ee26f8ca7694a2591872532b8406fd4240935c4cf531b719c492f63",
                "sha256:4418ea4d58589c7b211b13be2addc35238b52a7e8929313b650eb4d8dddc8bb1",
                "sha256:47dbf2ef6c77c85688961fd425b45c0b5a17b736a54ca8844b0cf10054db25e1",
                "sha256:6ae9f628a0702bedb1e991ee09d77f54e3b2176467fbd52cb381f98ccf228ad1",
                "sha256:90787929354a5bc156932aad085d9fe43b221afa4e67a3587a2628eaa653ede7",
                "sha256:945bec385fbfe4bdeaa1e08c77478cba32003a2b43ff664c7d9ac375a52bef01",
                "sha256:a54512c626c59a1b61dd2adf8232a04a6085813ba98930475e14b19bdc84bf19",
                "sha256:bb8e8bea89ab8688f5700bddc3d2a1b6a4159b23ad2103e236a6f80a7bbabae4",
                "sha256:c6525a3eb88402cf31b0e4019f9d11a3f3aa9861c0bd6d50a68c4a725dca5f9b",
                "sha256:c65710203e6e827b5fb0b665c88de17d9788c0a7ad0b7e499401a665427c31ac",
                "sha256:c99d613d4c4cb6d897299ee36939a19f5b04ce37430ab29818443f24d99a1239",
                "sha256:c9eeae3360d39ad2304ab26bc6b84c5ac0dcb48a6c4f27660f16033b03b0c9cd",
                "sha256:d3bdb6d66998cfbf8fdf7a0175a83e4eada9176a1aa88ab42e931cb62e17fd2f",
                "sha256:d3fc9c87113bc82611e9c98c9ab09118ebf677f1b1a2ede78215abac4de1906d",
                "sha256:d9bb453930459c668e35d4974ce181d0df6dba07fc83b9fef11f06a8b2d2d1f7",
                "sha256:e25626890180dadebb73cdb85c15e0a23aaf9d752cd27e1ef42cb4194c2cc55e",
                "sha256:f039b00d1387d8461c25085482c94219b1ad210f3009032e433f591dea7dc393",
                "sha256:f0be2512a5ac7f4b8b04ffa742dcb9071998e39eeed30079e1f4ef56235375b5",
                "sha256:f219a98163fdd80bf774d6b5248d071586b98f8ab380fa84268f61460f27dc1d",
                "sha256:fbe7295e70156a672c506ca50098a3adaeb33b3244c9a5ab5df12450535e1eda",
                "sha256:ff0403781cfc07b80420a3118036cadd42d293326d66529fbbca3da98e273da1"
            ],
            "index": "pypi",
            "version": "==2.2.0"
        },
        "kivy-examples": {
            "hashes": [
                "sha256:7f8773e504d6c44078099280abd96a36c4c41f8d3b6cc1e8de8eb70840831aeb"
            ],
            "index": "pypi",
            "version": "==2.2.0"
        },
        "kivy-garden": {
            "hashes": [
                "sha256:2b8377378e87501d5d271f33d94f0e44c089884572c64f89c9d609b1f86a2748",
                "sha256:ef50f44b96358cf10ac5665f27a4751bb34ef54051c54b93af891f80afe42929"
            ],
            "version": "==0.1.5"
        },
        "lxml": {
            "hashes": [
                "sha256:01d36c05f4afb8f7c20fd9ed5badca32a2029b93b1750f571ccc0b142531caf7",
                "sha256:04876580c050a8c5341d706dd464ff04fd597095cc8c023252566a8826505726",
                "sha256:05ca3f6abf5cf78fe053da9b1166e062ade3fa5d4f92b4ed688127ea7d7b1d03",
                "sha256:090c6543d3696cbe15b4ac6e175e576bcc3f1ccfbba970061b7300b0c15a2140",
                "sha256:0dc313ef231edf866912e9d8f5a042ddab56c752619e92dfd3a2c277e6a7299a",
                "sha256:0f2b1e0d79180f344ff9f321327b005ca043a50ece8713de61d1cb383fb8ac05",
                "sha256:13598ecfbd2e86ea7ae45ec28a2a54fb87ee9b9fdb0f6d343297d8e548392c03",
                "sha256:16efd54337136e8cd72fb9485c368d91d77a47ee2d42b057564aae201257d419",
                "sha256:1ab8f1f932e8f82355e75dda5413a57612c6ea448069d4fb2e217e9a4bed13d4",
                "sha256:223f4232855ade399bd409331e6ca70fb5578efef22cf4069a6090acc0f53c0e",
                "sha256:2455cfaeb7ac70338b3257f41e21f0724f4b5b0c0e7702da67ee6c3640835b67",
                "sha256:2899456259589aa38bfb018c364d6ae7b53c5c22d8e27d0ec7609c2a1ff78b50",
                "sha256:2a29ba94d065945944016b6b74e538bdb1751a1db6ffb80c9d3c2e40d6fa9894",
                "sha256:2a87fa548561d2f4643c99cd13131acb607ddabb70682dcf1dff5f71f781a4bf",
                "sha256:2e430cd2824f05f2d4f687701144556646bae8f249fd60aa1e4c768ba7018947",
                "sha256:36c3c175d34652a35475a73762b545f4527aec044910a651d2bf50de9c3352b1",
                "sha256:3818b8e2c4b5148567e1b09ce739006acfaa44ce3156f8cbbc11062994b8e8dd",
                "sha256:3ab9fa9d6dc2a7f29d7affdf3edebf6ece6fb28a6d80b14c3b2fb9d39b9322c3",
                "sha256:3efea981d956a6f7173b4659849f55081867cf897e719f57383698af6f618a92",
                "sha256:4c8f293f14abc8fd3e8e01c5bd86e6ed0b6ef71936ded5bf10fe7a5efefbaca3",
                "sha256:5344a43228767f53a9df6e5b253f8cdca7dfc7b7aeae52551958192f56d98457",
                "sha256:58bfa3aa19ca4c0f28c5dde0ff56c520fbac6f0daf4fac66ed4c8d2fb7f22e74",
                "sha256:5b4545b8a40478183ac06c073e81a5ce4cf01bf1734962577cf2bb569a5b3bbf",
                "sha256:5f50a1c177e2fa3ee0667a5ab79fdc6b23086bc8b589d90b93b4bd17eb0e64d1",
                "sha256:63da2ccc0857c311d764e7d3d90f429c252e83b52d1f8f1d1fe55be26827d1f4",
                "sha256:6749649eecd6a9871cae297bffa4ee76f90b4504a2a2ab528d9ebe912b101975",
                "sha256:6804daeb7ef69e7b36f76caddb85cccd63d0c56dedb47555d2fc969e2af6a1a5",
                "sha256:689bb688a1db722485e4610a503e3e9210dcc20c520b45ac8f7533c837be76fe",
                "sha256:699a9af7dffaf67deeae27b2112aa06b41c370d5e7633e0ee0aea2e0b6c211f7",
                "sha256:6b418afe5df18233fc6b6093deb82a32895b6bb0b1155c2cdb05203f583053f1",
                "sha256:76cf573e5a365e790396a5cc2b909812633409306c6531a6877c59061e42c4f2",
                "sha256:7b515674acfdcadb0eb5d00d8a709868173acece5cb0be3dd165950cbfdf5409",
                "sha256:7b770ed79542ed52c519119473898198761d78beb24b107acf3ad65deae61f1f",
                "sha256:7d2278d59425777cfcb19735018d897ca8303abe67cc735f9f97177ceff8027f",
                "sha256:7e91ee82f4199af8c43d8158024cbdff3d931df350252288f0d4ce656df7f3b5",
                "sha256:821b7f59b99551c69c85a6039c65b75f5683bdc63270fec660f75da67469ca24",
                "sha256:822068f85e12a6e292803e112ab876bc03ed1f03dddb80154c395f891ca6b31e",
                "sha256:8340225bd5e7a701c0fa98284c849c9b9fc9238abf53a0ebd90900f25d39a4e4",
                "sha256:85cabf64adec449132e55616e7ca3e1000ab449d1d0f9d7f83146ed5bdcb6d8a",
                "sha256:880bbbcbe2fca64e2f4d8e04db47bcdf504936fa2b33933efd945e1b429bea8c",
                "sha256:8d0b4612b66ff5d62d03bcaa043bb018f74dfea51184e53f067e6fdcba4bd8de",
                "sha256:8e20cb5a47247e383cf4ff523205060991021233ebd6f924bca927fcf25cf86f",
                "sha256:925073b2fe14ab9b87e73f9a5fde6ce6392da430f3004d8b72cc86f746f5163b",
                "sha256:998c7c41910666d2976928c38ea96a70d1aa43be6fe502f21a651e17483a43c5",
                "sha256:9b22c5c66f67ae00c0199f6055705bc3eb3fcb08d03d2ec4059a2b1b25ed48d7",
                "sha256:9f102706d0ca011de571de32c3247c6476b55bb6bc65a20f682f000b07a4852a",
                "sha256:a08cff61517ee26cb56f1e949cca38caabe9ea9fbb4b1e10a805dc39844b7d5c",
                "sha256:a0a336d6d3e8b234a3aae3c674873d8f0e720b76bc1d9416866c41cd9500ffb9",
                "sha256:a35f8b7fa99f90dd2f5dc5a9fa12332642f087a7641289ca6c40d6e1a2637d8e",
                "sha256:a38486985ca49cfa574a507e7a2215c0c780fd1778bb6290c21193b7211702ab",
                "sha256:a5da296eb617d18e497bcf0a5c528f5d3b18dadb3619fbdadf4ed2356ef8d941",
                "sha256:a6e441a86553c310258aca15d1c05903aaf4965b23f3bc2d55f200804e005ee5",
                "sha256:a82d05da00a58b8e4c0008edbc8a4b6ec5a4bc1e2ee0fb6ed157cf634ed7fa45",
                "sha256:ab323679b8b3030000f2be63e22cdeea5b47ee0abd2d6a1dc0c8103ddaa56cd7",
                "sha256:b1f42b6921d0e81b1bcb5e395bc091a70f41c4d4e55ba99c6da2b31626c44892",
                "sha256:b23e19989c355ca854276178a0463951a653309fb8e57ce674497f2d9f208746",
                "sha256:b264171e3143d842ded311b7dccd46ff9ef34247129ff5bf5066123c55c2431c",
                "sha256:b26a29f0b7fc6f0897f043ca366142d2b609dc60756ee6e4e90b5f762c6adc53",
                "sha256:b64d891da92e232c36976c80ed7ebb383e3f148489796d8d31a5b6a677825efe",
                "sha256:b9cc34af337a97d470040f99ba4282f6e6bac88407d021688a5d585e44a23184",
                "sha256:bc718cd47b765e790eecb74d044cc8d37d58562f6c314ee9484df26276d36a38",
                "sha256:be7292c55101e22f2a3d4d8913944cbea71eea90792bf914add27454a13905df",
                "sha256:c83203addf554215463b59f6399835201999b5e48019dc17f182ed5ad87205c9",
                "sha256:c9ec3eaf616d67db0764b3bb983962b4f385a1f08304fd30c7283954e6a7869b",
                "sha256:ca34efc80a29351897e18888c71c6aca4a359247c87e0b1c7ada14f0ab0c0fb2",
                "sha256:ca989b91cf3a3ba28930a9fc1e9aeafc2a395448641df1f387a2d394638943b0",
                "sha256:d02a5399126a53492415d4906ab0ad0375a5456cc05c3fc0fc4ca11771745cda",
                "sha256:d17bc7c2ccf49c478c5bdd447594e82692c74222698cfc9b5daae7ae7e90743b",
                "sha256:d5bf6545cd27aaa8a13033ce56354ed9e25ab0e4ac3b5392b763d8d04b08e0c5",
                "sha256:d6b430a9938a5a5d85fc107d852262ddcd48602c120e3dbb02137c83d212b380",
                "sha256:da248f93f0418a9e9d94b0080d7ebc407a9a5e6d0b57bb30db9b5cc28de1ad33",
                "sha256:da4dd7c9c50c059aba52b3524f84d7de956f7fef88f0bafcf4ad7dde94a064e8",
                "sha256:df0623dcf9668ad0445e0558a21211d4e9a149ea8f5666917c8eeec515f0a6d1",
                "sha256:e5168986b90a8d1f2f9dc1b841467c74221bd752537b99761a93d2d981e04889",
                "sha256:efa29c2fe6b4fdd32e8ef81c1528506895eca86e1d8c4657fda04c9b3786ddf9",
                "sha256:f1496ea22ca2c830cbcbd473de8f114a320da308438ae65abad6bab7867fe38f",
                "sha256:f49e52d174375a7def9915c9f06ec4e569d235ad428f70751765f48d5926678c"
            ],
            "markers": "python_version >= '2.7' and python_version not in '3.0, 3.1, 3.2, 3.3, 3.4'",
            "version": "==4.9.2"
        },
        "orgparse": {
            "hashes": [
                "sha256:451050e79acb7a51c65dc99b9095eae4d50bd598541354f9e763cb4cbdf59a55",
                "sha256:f8c8b6c07e8c5a99a27ad3962eedab3aa3844129cbdfd3f2cd32a2197da462fe"
            ],
            "index": "pypi",
            "version": "==0.3.2"
        },
        "pexpect": {
            "hashes": [
                "sha256:0b48a55dcb3c05f3329815901ea4fc1537514d6ba867a152b581d69ae3710937",
                "sha256:fc65a43959d153d0114afe13997d439c22823a27cefceb5ff35c2178c6784c0c"
            ],
            "version": "==4.8.0"
        },
        "pipdeptree": {
            "hashes": [
                "sha256:b2e89d19b832f40c19e124a81857c1a4c313cd601e32300ea837ba4797ef9af3",
                "sha256:fe9f16e8b15c2a6b6e314d52c3abe72e1dab8ef4815f173f587ccaab8937d252"
            ],
            "index": "pypi",
            "version": "==2.9.0"
        },
        "platformdirs": {
            "hashes": [
                "sha256:0ade98a4895e87dc51d47151f7d2ec290365a585151d97b4d8d6312ed6132fed",
                "sha256:e48fabd87db8f3a7df7150a4a5ea22c546ee8bc39bc2473244730d4b56d2cc4e"
            ],
            "markers": "python_version >= '3.7'",
            "version": "==3.5.3"
        },
        "proto-plus": {
            "hashes": [
                "sha256:0e8cda3d5a634d9895b75c573c9352c16486cb75deb0e078b5fda34db4243165",
                "sha256:de34e52d6c9c6fcd704192f09767cb561bb4ee64e70eede20b0834d841f0be4d"
            ],
            "markers": "python_version >= '3.6'",
            "version": "==1.22.2"
        },
        "protobuf": {
            "hashes": [
                "sha256:09310bce43353b46d73ba7e3bca78273b9bc50349509b9698e64d288c6372c2a",
                "sha256:20874e7ca4436f683b64ebdbee2129a5a2c301579a67d1a7dda2cdf62fb7f5f7",
                "sha256:25e3370eda26469b58b602e29dff069cfaae8eaa0ef4550039cc5ef8dc004511",
                "sha256:281342ea5eb631c86697e1e048cb7e73b8a4e85f3299a128c116f05f5c668f8f",
                "sha256:384dd44cb4c43f2ccddd3645389a23ae61aeb8cfa15ca3a0f60e7c3ea09b28b3",
                "sha256:54a533b971288af3b9926e53850c7eb186886c0c84e61daa8444385a4720297f",
                "sha256:6c081863c379bb1741be8f8193e893511312b1d7329b4a75445d1ea9955be69e",
                "sha256:86df87016d290143c7ce3be3ad52d055714ebaebb57cc659c387e76cfacd81aa",
                "sha256:8da6070310d634c99c0db7df48f10da495cc283fd9e9234877f0cd182d43ab7f",
                "sha256:b2cfab63a230b39ae603834718db74ac11e52bccaaf19bf20f5cce1a84cf76df",
                "sha256:c52cfcbfba8eb791255edd675c1fe6056f723bf832fa67f0442218f8817c076e",
                "sha256:ce744938406de1e64b91410f473736e815f28c3b71201302612a68bf01517fea",
                "sha256:efabbbbac1ab519a514579ba9ec52f006c28ae19d97915951f69fa70da2c9e91"
            ],
            "markers": "python_version >= '3.7'",
            "version": "==4.23.2"
        },
        "ptyprocess": {
            "hashes": [
                "sha256:4b41f3967fce3af57cc7e94b888626c18bf37a083e3651ca8feeb66d492fef35",
                "sha256:5c5d0a3b48ceee0b48485e0c26037c0acd7d29765ca3fbb5cb3831d347423220"
            ],
            "version": "==0.7.0"
        },
        "pyasn1": {
            "hashes": [
                "sha256:87a2121042a1ac9358cabcaf1d07680ff97ee6404333bacca15f76aa8ad01a57",
                "sha256:97b7290ca68e62a832558ec3976f15cbf911bf5d7c7039d8b861c2a0ece69fde"
            ],
            "markers": "python_version >= '2.7' and python_version not in '3.0, 3.1, 3.2, 3.3, 3.4, 3.5'",
            "version": "==0.5.0"
        },
        "pyasn1-modules": {
            "hashes": [
                "sha256:5bd01446b736eb9d31512a30d46c1ac3395d676c6f3cafa4c03eb54b9925631c",
                "sha256:d3ccd6ed470d9ffbc716be08bd90efbd44d0734bc9303818f7336070984a162d"
            ],
            "markers": "python_version >= '2.7' and python_version not in '3.0, 3.1, 3.2, 3.3, 3.4, 3.5'",
            "version": "==0.3.0"
        },
        "pygments": {
            "hashes": [
                "sha256:8ace4d3c1dd481894b2005f560ead0f9f19ee64fe983366be1a21e171d12775c",
                "sha256:db2db3deb4b4179f399a09054b023b6a586b76499d36965813c71aa8ed7b5fd1"
            ],
            "markers": "python_version >= '3.7'",
            "version": "==2.15.1"
        },
        "python-dateutil": {
            "hashes": [
                "sha256:0123cacc1627ae19ddf3c27a5de5bd67ee4586fbdd6440d9748f8abb483d3e86",
                "sha256:961d03dc3453ebbc59dbdea9e4e11c5651520a876d0f4db161e8674aae935da9"
            ],
            "markers": "python_version >= '2.7' and python_version not in '3.0, 3.1, 3.2, 3.3'",
            "version": "==2.8.2"
        },
        "requests": {
            "hashes": [
                "sha256:58cd2187c01e70e6e26505bca751777aa9f2ee0b7f4300988b709f44e013003f",
                "sha256:942c5a758f98d790eaed1a29cb6eefc7ffb0d1cf7af05c3d2791656dbd6ad1e1"
            ],
            "markers": "python_version >= '3.7'",
            "version": "==2.31.0"
        },
        "rsa": {
            "hashes": [
                "sha256:90260d9058e514786967344d0ef75fa8727eed8a7d2e43ce9f4bcf1b536174f7",
                "sha256:e38464a49c6c85d7f1351b0126661487a7e0a14a50f1675ec50eb34d4f20ef21"
            ],
            "markers": "python_version >= '3.6' and python_version < '4'",
            "version": "==4.9"
        },
        "sh": {
            "hashes": [
                "sha256:14265a4cd1622429edcf300292ec98193530fb143fe642b3437024eca9bee8c5",
                "sha256:a18920f0839991bc9dfddb6dcc006c360b1064ba96257359f0ea356e9fa75a60"
            ],
            "markers": "python_version < '4.0' and python_full_version >= '3.8.1'",
            "version": "==2.0.4"
        },
        "six": {
            "hashes": [
                "sha256:1e61c37477a1626458e36f7b1d82aa5c9b094fa4802892072e49de9c60c4c926",
                "sha256:8abb2f1d86890a2dfb989f9a77cfcfd3e47c2a354b01111771326f8aa26e0254"
            ],
            "markers": "python_version >= '2.7' and python_version not in '3.0, 3.1, 3.2, 3.3'",
            "version": "==1.16.0"
        },
        "urllib3": {
            "hashes": [
                "sha256:8d36afa7616d8ab714608411b4a3b13e58f463aee519024578e062e141dce20f",
                "sha256:8f135f6502756bde6b2a9b28989df5fbe87c9970cecaa69041edcce7f0589b14"
            ],
            "markers": "python_version >= '2.7' and python_version not in '3.0, 3.1, 3.2, 3.3, 3.4, 3.5'",
            "version": "==1.26.16"
        },
        "virtualenv": {
            "hashes": [
                "sha256:6abec7670e5802a528357fdc75b26b9f57d5d92f29c5462ba0fbe45feacc685e",
                "sha256:a85caa554ced0c0afbd0d638e7e2d7b5f92d23478d05d17a76daeac8f279f924"
            ],
            "markers": "python_version >= '3.7'",
            "version": "==20.23.0"
        },
        "webdavclient3": {
            "hashes": [
                "sha256:00974d7f2fa0164dbd141903dc834d8a6fa42781ce98d3c7e4ab273d8bfbb7fb"
            ],
            "index": "pypi",
            "version": "==v3.14"
        }
    },
    "develop": {}
}
